
Microsoft Visual Studio Solution File, Format Version 12.00
# Visual Studio Version 17
VisualStudioVersion = 17.4.33122.133
MinimumVisualStudioVersion = 10.0.40219.1
Project("{FAE04EC0-301F-11D3-BF4B-00C04F79EFBC}") = "WebAPI4AzureDevOpsCICD-DockerImage", "WebAPI4AzureDevOpsCICD-DockerImage\WebAPI4AzureDevOpsCICD-DockerImage.csproj", "{AE97769E-DDA9-49D3-A8DA-D5A90CEC8B9C}"
EndProject
Global
	GlobalSection(SolutionConfigurationPlatforms) = preSolution
		Debug|Any CPU = Debug|Any CPU
		Release|Any CPU = Release|Any CPU
	EndGlobalSection
	GlobalSection(ProjectConfigurationPlatforms) = postSolution
		{AE97769E-DDA9-49D3-A8DA-D5A90CEC8B9C}.Debug|Any CPU.ActiveCfg = Debug|Any CPU
		{AE97769E-DDA9-49D3-A8DA-D5A90CEC8B9C}.Debug|Any CPU.Build.0 = Debug|Any CPU
		{AE97769E-DDA9-49D3-A8DA-D5A90CEC8B9C}.Release|Any CPU.ActiveCfg = Release|Any CPU
		{AE97769E-DDA9-49D3-A8DA-D5A90CEC8B9C}.Release|Any CPU.Build.0 = Release|Any CPU
	EndGlobalSection
	GlobalSection(SolutionProperties) = preSolution
		HideSolutionNode = FALSE
	EndGlobalSection
	GlobalSection(ExtensibilityGlobals) = postSolution
		SolutionGuid = {2BB2F8C7-D61E-4D30-A4CD-F71FF11AE036}
	EndGlobalSection
EndGlobal
